// !$*UTF8*$!
{
	archiveVersion = 1;
	classes = {
	};
	objectVersion = 52;
	objects = {

/* Begin PBXBuildFile section */
		770CAC6A26B6DC610070BB62 /* AppDelegate.swift in Sources */ = {isa = PBXBuildFile; fileRef = 770CAC6926B6DC610070BB62 /* AppDelegate.swift */; };
		770CAC6C26B6DC610070BB62 /* SceneDelegate.swift in Sources */ = {isa = PBXBuildFile; fileRef = 770CAC6B26B6DC610070BB62 /* SceneDelegate.swift */; };
		770CAC7326B6DC620070BB62 /* Assets.xcassets in Resources */ = {isa = PBXBuildFile; fileRef = 770CAC7226B6DC620070BB62 /* Assets.xcassets */; };
		770CAC7626B6DC620070BB62 /* LaunchScreen.storyboard in Resources */ = {isa = PBXBuildFile; fileRef = 770CAC7426B6DC620070BB62 /* LaunchScreen.storyboard */; };
		770CAC7E26B6E9E60070BB62 /* FeedViewController.swift in Sources */ = {isa = PBXBuildFile; fileRef = 770CAC7D26B6E9E60070BB62 /* FeedViewController.swift */; };
		770CAC8026B6E9F60070BB62 /* ProfileViewController.swift in Sources */ = {isa = PBXBuildFile; fileRef = 770CAC7F26B6E9F60070BB62 /* ProfileViewController.swift */; };
		770CACA626B866100070BB62 /* PostViewController.swift in Sources */ = {isa = PBXBuildFile; fileRef = 770CACA526B866100070BB62 /* PostViewController.swift */; };
		770CACAA26B9A87A0070BB62 /* InfoViewController.swift in Sources */ = {isa = PBXBuildFile; fileRef = 770CACA926B9A87A0070BB62 /* InfoViewController.swift */; };
		771AE966274CED0100F8F432 /* CustomTextField.swift in Sources */ = {isa = PBXBuildFile; fileRef = 771AE965274CED0100F8F432 /* CustomTextField.swift */; };
		771AE968274CEDA900F8F432 /* PhotoPreviewCollectionViewCell.swift in Sources */ = {isa = PBXBuildFile; fileRef = 771AE967274CEDA800F8F432 /* PhotoPreviewCollectionViewCell.swift */; };
		771AE977274CFF4300F8F432 /* StorageDevice.framework in Frameworks */ = {isa = PBXBuildFile; fileRef = 771AE96E274CFF4300F8F432 /* StorageDevice.framework */; };
		771AE97E274CFF4300F8F432 /* StorageDeviceTests.swift in Sources */ = {isa = PBXBuildFile; fileRef = 771AE97D274CFF4300F8F432 /* StorageDeviceTests.swift */; };
		771AE980274CFF4300F8F432 /* StorageDevice.h in Headers */ = {isa = PBXBuildFile; fileRef = 771AE970274CFF4300F8F432 /* StorageDevice.h */; settings = {ATTRIBUTES = (Public, ); }; };
		771AE983274CFF4300F8F432 /* StorageDevice.framework in Frameworks */ = {isa = PBXBuildFile; fileRef = 771AE96E274CFF4300F8F432 /* StorageDevice.framework */; };
		771AE984274CFF4300F8F432 /* StorageDevice.framework in Embed Frameworks */ = {isa = PBXBuildFile; fileRef = 771AE96E274CFF4300F8F432 /* StorageDevice.framework */; settings = {ATTRIBUTES = (CodeSignOnCopy, RemoveHeadersOnCopy, ); }; };
		771AE98C274CFF4800F8F432 /* Post.swift in Sources */ = {isa = PBXBuildFile; fileRef = 770CACA726B882240070BB62 /* Post.swift */; };
		771AE98D274CFF4900F8F432 /* Post.swift in Sources */ = {isa = PBXBuildFile; fileRef = 770CACA726B882240070BB62 /* Post.swift */; };
		771AE98E274CFF5100F8F432 /* Posts.swift in Sources */ = {isa = PBXBuildFile; fileRef = 77B0301226EE4BF300950011 /* Posts.swift */; };
		771AE98F274CFF5100F8F432 /* Posts.swift in Sources */ = {isa = PBXBuildFile; fileRef = 77B0301226EE4BF300950011 /* Posts.swift */; };
		771AE990274CFF5700F8F432 /* Photo.swift in Sources */ = {isa = PBXBuildFile; fileRef = 77DD121726FBAA89009DFCAE /* Photo.swift */; };
		771AE991274CFF5700F8F432 /* Photo.swift in Sources */ = {isa = PBXBuildFile; fileRef = 77DD121726FBAA89009DFCAE /* Photo.swift */; };
		771AE99427526B8A00F8F432 /* iOSIntPackage in Frameworks */ = {isa = PBXBuildFile; productRef = 771AE99327526B8A00F8F432 /* iOSIntPackage */; };
		771B750626E692B100B6F44F /* LogInViewController.swift in Sources */ = {isa = PBXBuildFile; fileRef = 771B750526E692B100B6F44F /* LogInViewController.swift */; };
		771B750826E7ABE400B6F44F /* LogInView.swift in Sources */ = {isa = PBXBuildFile; fileRef = 771B750726E7ABE400B6F44F /* LogInView.swift */; };
		771C784026D7E3D7007FA02C /* ProfileHeaderView.swift in Sources */ = {isa = PBXBuildFile; fileRef = 771C783F26D7E3D7007FA02C /* ProfileHeaderView.swift */; };
		774069582770CC1E00892E49 /* UserData.swift in Sources */ = {isa = PBXBuildFile; fileRef = 774069572770CC1E00892E49 /* UserData.swift */; };
		7795D5F927A30A8800B1A758 /* LoginInspector.swift in Sources */ = {isa = PBXBuildFile; fileRef = 7795D5F827A30A8800B1A758 /* LoginInspector.swift */; };
		7795D5FC27A5BBDD00B1A758 /* Factory.swift in Sources */ = {isa = PBXBuildFile; fileRef = 7795D5FB27A5BBDD00B1A758 /* Factory.swift */; };
		77B0301526F111E300950011 /* PostTableViewCell.swift in Sources */ = {isa = PBXBuildFile; fileRef = 77B0301426F111E300950011 /* PostTableViewCell.swift */; };
		77DD121226F90297009DFCAE /* PhotosTableViewCell.swift in Sources */ = {isa = PBXBuildFile; fileRef = 77DD121126F90297009DFCAE /* PhotosTableViewCell.swift */; };
		77DD121426FB9575009DFCAE /* PhotosViewController.swift in Sources */ = {isa = PBXBuildFile; fileRef = 77DD121326FB9575009DFCAE /* PhotosViewController.swift */; };
		77DD121626FBAA42009DFCAE /* PhotosCollectionViewCell.swift in Sources */ = {isa = PBXBuildFile; fileRef = 77DD121526FBAA42009DFCAE /* PhotosCollectionViewCell.swift */; };
/* End PBXBuildFile section */

/* Begin PBXContainerItemProxy section */
		771AE978274CFF4300F8F432 /* PBXContainerItemProxy */ = {
			isa = PBXContainerItemProxy;
			containerPortal = 770CAC5E26B6DC610070BB62 /* Project object */;
			proxyType = 1;
			remoteGlobalIDString = 771AE96D274CFF4300F8F432;
			remoteInfo = StorageDevice;
		};
		771AE97A274CFF4300F8F432 /* PBXContainerItemProxy */ = {
			isa = PBXContainerItemProxy;
			containerPortal = 770CAC5E26B6DC610070BB62 /* Project object */;
			proxyType = 1;
			remoteGlobalIDString = 770CAC6526B6DC610070BB62;
			remoteInfo = Navigation;
		};
		771AE981274CFF4300F8F432 /* PBXContainerItemProxy */ = {
			isa = PBXContainerItemProxy;
			containerPortal = 770CAC5E26B6DC610070BB62 /* Project object */;
			proxyType = 1;
			remoteGlobalIDString = 771AE96D274CFF4300F8F432;
			remoteInfo = StorageDevice;
		};
/* End PBXContainerItemProxy section */

/* Begin PBXCopyFilesBuildPhase section */
		771AE988274CFF4300F8F432 /* Embed Frameworks */ = {
			isa = PBXCopyFilesBuildPhase;
			buildActionMask = 2147483647;
			dstPath = "";
			dstSubfolderSpec = 10;
			files = (
				771AE984274CFF4300F8F432 /* StorageDevice.framework in Embed Frameworks */,
			);
			name = "Embed Frameworks";
			runOnlyForDeploymentPostprocessing = 0;
		};
/* End PBXCopyFilesBuildPhase section */

/* Begin PBXFileReference section */
		24186FE7D5AF7CB05C282E39 /* Pods-StorageDevice.debug.xcconfig */ = {isa = PBXFileReference; includeInIndex = 1; lastKnownFileType = text.xcconfig; name = "Pods-StorageDevice.debug.xcconfig"; path = "Target Support Files/Pods-StorageDevice/Pods-StorageDevice.debug.xcconfig"; sourceTree = "<group>"; };
		36B6AEDC7F1D18E249D9DC70 /* Pods-StorageDevice-StorageDeviceTests.release.xcconfig */ = {isa = PBXFileReference; includeInIndex = 1; lastKnownFileType = text.xcconfig; name = "Pods-StorageDevice-StorageDeviceTests.release.xcconfig"; path = "Target Support Files/Pods-StorageDevice-StorageDeviceTests/Pods-StorageDevice-StorageDeviceTests.release.xcconfig"; sourceTree = "<group>"; };
		43A77D084E80FE2725290DAE /* Pods-StorageDevice.release.xcconfig */ = {isa = PBXFileReference; includeInIndex = 1; lastKnownFileType = text.xcconfig; name = "Pods-StorageDevice.release.xcconfig"; path = "Target Support Files/Pods-StorageDevice/Pods-StorageDevice.release.xcconfig"; sourceTree = "<group>"; };
		59058BA8AC539420EF7D4098 /* Pods-Navigation.debug.xcconfig */ = {isa = PBXFileReference; includeInIndex = 1; lastKnownFileType = text.xcconfig; name = "Pods-Navigation.debug.xcconfig"; path = "Target Support Files/Pods-Navigation/Pods-Navigation.debug.xcconfig"; sourceTree = "<group>"; };
		770CAC6626B6DC610070BB62 /* Navigation.app */ = {isa = PBXFileReference; explicitFileType = wrapper.application; includeInIndex = 0; path = Navigation.app; sourceTree = BUILT_PRODUCTS_DIR; };
		770CAC6926B6DC610070BB62 /* AppDelegate.swift */ = {isa = PBXFileReference; lastKnownFileType = sourcecode.swift; path = AppDelegate.swift; sourceTree = "<group>"; };
		770CAC6B26B6DC610070BB62 /* SceneDelegate.swift */ = {isa = PBXFileReference; lastKnownFileType = sourcecode.swift; path = SceneDelegate.swift; sourceTree = "<group>"; };
		770CAC7226B6DC620070BB62 /* Assets.xcassets */ = {isa = PBXFileReference; lastKnownFileType = folder.assetcatalog; path = Assets.xcassets; sourceTree = "<group>"; };
		770CAC7526B6DC620070BB62 /* Base */ = {isa = PBXFileReference; lastKnownFileType = file.storyboard; name = Base; path = Base.lproj/LaunchScreen.storyboard; sourceTree = "<group>"; };
		770CAC7726B6DC620070BB62 /* Info.plist */ = {isa = PBXFileReference; lastKnownFileType = text.plist.xml; path = Info.plist; sourceTree = "<group>"; };
		770CAC7D26B6E9E60070BB62 /* FeedViewController.swift */ = {isa = PBXFileReference; lastKnownFileType = sourcecode.swift; path = FeedViewController.swift; sourceTree = "<group>"; };
		770CAC7F26B6E9F60070BB62 /* ProfileViewController.swift */ = {isa = PBXFileReference; lastKnownFileType = sourcecode.swift; path = ProfileViewController.swift; sourceTree = "<group>"; };
		770CACA526B866100070BB62 /* PostViewController.swift */ = {isa = PBXFileReference; lastKnownFileType = sourcecode.swift; path = PostViewController.swift; sourceTree = "<group>"; };
		770CACA726B882240070BB62 /* Post.swift */ = {isa = PBXFileReference; lastKnownFileType = sourcecode.swift; path = Post.swift; sourceTree = "<group>"; };
		770CACA926B9A87A0070BB62 /* InfoViewController.swift */ = {isa = PBXFileReference; lastKnownFileType = sourcecode.swift; path = InfoViewController.swift; sourceTree = "<group>"; };
		771AE965274CED0100F8F432 /* CustomTextField.swift */ = {isa = PBXFileReference; lastKnownFileType = sourcecode.swift; path = CustomTextField.swift; sourceTree = "<group>"; };
		771AE967274CEDA800F8F432 /* PhotoPreviewCollectionViewCell.swift */ = {isa = PBXFileReference; lastKnownFileType = sourcecode.swift; path = PhotoPreviewCollectionViewCell.swift; sourceTree = "<group>"; };
		771AE96E274CFF4300F8F432 /* StorageDevice.framework */ = {isa = PBXFileReference; explicitFileType = wrapper.framework; includeInIndex = 0; path = StorageDevice.framework; sourceTree = BUILT_PRODUCTS_DIR; };
		771AE970274CFF4300F8F432 /* StorageDevice.h */ = {isa = PBXFileReference; lastKnownFileType = sourcecode.c.h; path = StorageDevice.h; sourceTree = "<group>"; };
		771AE971274CFF4300F8F432 /* Info.plist */ = {isa = PBXFileReference; lastKnownFileType = text.plist.xml; path = Info.plist; sourceTree = "<group>"; };
		771AE976274CFF4300F8F432 /* StorageDeviceTests.xctest */ = {isa = PBXFileReference; explicitFileType = wrapper.cfbundle; includeInIndex = 0; path = StorageDeviceTests.xctest; sourceTree = BUILT_PRODUCTS_DIR; };
		771AE97D274CFF4300F8F432 /* StorageDeviceTests.swift */ = {isa = PBXFileReference; lastKnownFileType = sourcecode.swift; path = StorageDeviceTests.swift; sourceTree = "<group>"; };
		771AE97F274CFF4300F8F432 /* Info.plist */ = {isa = PBXFileReference; lastKnownFileType = text.plist.xml; path = Info.plist; sourceTree = "<group>"; };
		771B750526E692B100B6F44F /* LogInViewController.swift */ = {isa = PBXFileReference; lastKnownFileType = sourcecode.swift; path = LogInViewController.swift; sourceTree = "<group>"; };
		771B750726E7ABE400B6F44F /* LogInView.swift */ = {isa = PBXFileReference; lastKnownFileType = sourcecode.swift; path = LogInView.swift; sourceTree = "<group>"; };
		771C783F26D7E3D7007FA02C /* ProfileHeaderView.swift */ = {isa = PBXFileReference; lastKnownFileType = sourcecode.swift; path = ProfileHeaderView.swift; sourceTree = "<group>"; };
		774069572770CC1E00892E49 /* UserData.swift */ = {isa = PBXFileReference; lastKnownFileType = sourcecode.swift; path = UserData.swift; sourceTree = "<group>"; };
		7795D5F827A30A8800B1A758 /* LoginInspector.swift */ = {isa = PBXFileReference; lastKnownFileType = sourcecode.swift; path = LoginInspector.swift; sourceTree = "<group>"; };
		7795D5FB27A5BBDD00B1A758 /* Factory.swift */ = {isa = PBXFileReference; lastKnownFileType = sourcecode.swift; path = Factory.swift; sourceTree = "<group>"; };
		77B0301226EE4BF300950011 /* Posts.swift */ = {isa = PBXFileReference; lastKnownFileType = sourcecode.swift; path = Posts.swift; sourceTree = "<group>"; };
		77B0301426F111E300950011 /* PostTableViewCell.swift */ = {isa = PBXFileReference; lastKnownFileType = sourcecode.swift; path = PostTableViewCell.swift; sourceTree = "<group>"; };
		77DD121126F90297009DFCAE /* PhotosTableViewCell.swift */ = {isa = PBXFileReference; lastKnownFileType = sourcecode.swift; path = PhotosTableViewCell.swift; sourceTree = "<group>"; };
		77DD121326FB9575009DFCAE /* PhotosViewController.swift */ = {isa = PBXFileReference; lastKnownFileType = sourcecode.swift; path = PhotosViewController.swift; sourceTree = "<group>"; };
		77DD121526FBAA42009DFCAE /* PhotosCollectionViewCell.swift */ = {isa = PBXFileReference; lastKnownFileType = sourcecode.swift; path = PhotosCollectionViewCell.swift; sourceTree = "<group>"; };
		77DD121726FBAA89009DFCAE /* Photo.swift */ = {isa = PBXFileReference; lastKnownFileType = sourcecode.swift; path = Photo.swift; sourceTree = "<group>"; };
		86BD0F4CC4EE3417203EC9F6 /* Pods-Navigation.release.xcconfig */ = {isa = PBXFileReference; includeInIndex = 1; lastKnownFileType = text.xcconfig; name = "Pods-Navigation.release.xcconfig"; path = "Target Support Files/Pods-Navigation/Pods-Navigation.release.xcconfig"; sourceTree = "<group>"; };
		A87D827C6F0C44A84EE3D410 /* Pods-StorageDevice-StorageDeviceTests.debug.xcconfig */ = {isa = PBXFileReference; includeInIndex = 1; lastKnownFileType = text.xcconfig; name = "Pods-StorageDevice-StorageDeviceTests.debug.xcconfig"; path = "Target Support Files/Pods-StorageDevice-StorageDeviceTests/Pods-StorageDevice-StorageDeviceTests.debug.xcconfig"; sourceTree = "<group>"; };
/* End PBXFileReference section */

/* Begin PBXFrameworksBuildPhase section */
		770CAC6326B6DC610070BB62 /* Frameworks */ = {
			isa = PBXFrameworksBuildPhase;
			buildActionMask = 2147483647;
			files = (
				771AE99427526B8A00F8F432 /* iOSIntPackage in Frameworks */,
				771AE983274CFF4300F8F432 /* StorageDevice.framework in Frameworks */,
			);
			runOnlyForDeploymentPostprocessing = 0;
		};
		771AE96B274CFF4300F8F432 /* Frameworks */ = {
			isa = PBXFrameworksBuildPhase;
			buildActionMask = 2147483647;
			files = (
			);
			runOnlyForDeploymentPostprocessing = 0;
		};
		771AE973274CFF4300F8F432 /* Frameworks */ = {
			isa = PBXFrameworksBuildPhase;
			buildActionMask = 2147483647;
			files = (
				771AE977274CFF4300F8F432 /* StorageDevice.framework in Frameworks */,
			);
			runOnlyForDeploymentPostprocessing = 0;
		};
/* End PBXFrameworksBuildPhase section */

/* Begin PBXGroup section */
		770CAC5D26B6DC610070BB62 = {
			isa = PBXGroup;
			children = (
				770CAC6826B6DC610070BB62 /* Navigation */,
				771AE96F274CFF4300F8F432 /* StorageDevice */,
				771AE97C274CFF4300F8F432 /* StorageDeviceTests */,
				770CAC6726B6DC610070BB62 /* Products */,
				9551D7546203C38FDA2D1928 /* Pods */,
				F251B1259178AA60A859372C /* Frameworks */,
			);
			sourceTree = "<group>";
		};
		770CAC6726B6DC610070BB62 /* Products */ = {
			isa = PBXGroup;
			children = (
				770CAC6626B6DC610070BB62 /* Navigation.app */,
				771AE96E274CFF4300F8F432 /* StorageDevice.framework */,
				771AE976274CFF4300F8F432 /* StorageDeviceTests.xctest */,
			);
			name = Products;
			sourceTree = "<group>";
		};
		770CAC6826B6DC610070BB62 /* Navigation */ = {
			isa = PBXGroup;
			children = (
				770CAC6926B6DC610070BB62 /* AppDelegate.swift */,
				770CAC6B26B6DC610070BB62 /* SceneDelegate.swift */,
				770CAC7D26B6E9E60070BB62 /* FeedViewController.swift */,
				770CAC7226B6DC620070BB62 /* Assets.xcassets */,
				770CACA726B882240070BB62 /* Post.swift */,
				770CAC7426B6DC620070BB62 /* LaunchScreen.storyboard */,
				770CACA526B866100070BB62 /* PostViewController.swift */,
				774069572770CC1E00892E49 /* UserData.swift */,
				770CACA926B9A87A0070BB62 /* InfoViewController.swift */,
				7795D5FB27A5BBDD00B1A758 /* Factory.swift */,
				7795D5FA27A315D200B1A758 /* LogIn */,
				771C783E26D7E367007FA02C /* Profile */,
				770CAC7726B6DC620070BB62 /* Info.plist */,
			);
			path = Navigation;
			sourceTree = "<group>";
		};
		771AE96F274CFF4300F8F432 /* StorageDevice */ = {
			isa = PBXGroup;
			children = (
				771AE970274CFF4300F8F432 /* StorageDevice.h */,
				771AE971274CFF4300F8F432 /* Info.plist */,
			);
			path = StorageDevice;
			sourceTree = "<group>";
		};
		771AE97C274CFF4300F8F432 /* StorageDeviceTests */ = {
			isa = PBXGroup;
			children = (
				771AE97D274CFF4300F8F432 /* StorageDeviceTests.swift */,
				771AE97F274CFF4300F8F432 /* Info.plist */,
			);
			path = StorageDeviceTests;
			sourceTree = "<group>";
		};
		771C783E26D7E367007FA02C /* Profile */ = {
			isa = PBXGroup;
			children = (
				770CAC7F26B6E9F60070BB62 /* ProfileViewController.swift */,
				771C783F26D7E3D7007FA02C /* ProfileHeaderView.swift */,
				77DD121126F90297009DFCAE /* PhotosTableViewCell.swift */,
				77B0301426F111E300950011 /* PostTableViewCell.swift */,
				77DD121326FB9575009DFCAE /* PhotosViewController.swift */,
				771AE965274CED0100F8F432 /* CustomTextField.swift */,
				771AE967274CEDA800F8F432 /* PhotoPreviewCollectionViewCell.swift */,
				77DD121526FBAA42009DFCAE /* PhotosCollectionViewCell.swift */,
				77B0301226EE4BF300950011 /* Posts.swift */,
				77DD121726FBAA89009DFCAE /* Photo.swift */,
			);
			path = Profile;
			sourceTree = "<group>";
		};
		7795D5FA27A315D200B1A758 /* LogIn */ = {
			isa = PBXGroup;
			children = (
				771B750526E692B100B6F44F /* LogInViewController.swift */,
				771B750726E7ABE400B6F44F /* LogInView.swift */,
				7795D5F827A30A8800B1A758 /* LoginInspector.swift */,
			);
			path = LogIn;
			sourceTree = "<group>";
		};
		9551D7546203C38FDA2D1928 /* Pods */ = {
			isa = PBXGroup;
			children = (
				59058BA8AC539420EF7D4098 /* Pods-Navigation.debug.xcconfig */,
				86BD0F4CC4EE3417203EC9F6 /* Pods-Navigation.release.xcconfig */,
				24186FE7D5AF7CB05C282E39 /* Pods-StorageDevice.debug.xcconfig */,
				43A77D084E80FE2725290DAE /* Pods-StorageDevice.release.xcconfig */,
				A87D827C6F0C44A84EE3D410 /* Pods-StorageDevice-StorageDeviceTests.debug.xcconfig */,
				36B6AEDC7F1D18E249D9DC70 /* Pods-StorageDevice-StorageDeviceTests.release.xcconfig */,
			);
			path = Pods;
			sourceTree = "<group>";
		};
		F251B1259178AA60A859372C /* Frameworks */ = {
			isa = PBXGroup;
			children = (
			);
			name = Frameworks;
			sourceTree = "<group>";
		};
/* End PBXGroup section */

/* Begin PBXHeadersBuildPhase section */
		771AE969274CFF4300F8F432 /* Headers */ = {
			isa = PBXHeadersBuildPhase;
			buildActionMask = 2147483647;
			files = (
				771AE980274CFF4300F8F432 /* StorageDevice.h in Headers */,
			);
			runOnlyForDeploymentPostprocessing = 0;
		};
/* End PBXHeadersBuildPhase section */

/* Begin PBXNativeTarget section */
		770CAC6526B6DC610070BB62 /* Navigation */ = {
			isa = PBXNativeTarget;
			buildConfigurationList = 770CAC7A26B6DC620070BB62 /* Build configuration list for PBXNativeTarget "Navigation" */;
			buildPhases = (
				614B9AF7EA61DB1B355F4B13 /* [CP] Check Pods Manifest.lock */,
				770CAC6226B6DC610070BB62 /* Sources */,
				770CAC6326B6DC610070BB62 /* Frameworks */,
				770CAC6426B6DC610070BB62 /* Resources */,
				771AE988274CFF4300F8F432 /* Embed Frameworks */,
				986D54E4F4506F56FA57991C /* [CP] Embed Pods Frameworks */,
			);
			buildRules = (
			);
			dependencies = (
				771AE982274CFF4300F8F432 /* PBXTargetDependency */,
			);
			name = Navigation;
			packageProductDependencies = (
				771AE99327526B8A00F8F432 /* iOSIntPackage */,
			);
			productName = Navigation;
			productReference = 770CAC6626B6DC610070BB62 /* Navigation.app */;
			productType = "com.apple.product-type.application";
		};
		771AE96D274CFF4300F8F432 /* StorageDevice */ = {
			isa = PBXNativeTarget;
			buildConfigurationList = 771AE985274CFF4300F8F432 /* Build configuration list for PBXNativeTarget "StorageDevice" */;
			buildPhases = (
				5EEC7A216AED7B46275732B8 /* [CP] Check Pods Manifest.lock */,
				771AE969274CFF4300F8F432 /* Headers */,
				771AE96A274CFF4300F8F432 /* Sources */,
				771AE96B274CFF4300F8F432 /* Frameworks */,
				771AE96C274CFF4300F8F432 /* Resources */,
			);
			buildRules = (
			);
			dependencies = (
			);
			name = StorageDevice;
			productName = StorageDevice;
			productReference = 771AE96E274CFF4300F8F432 /* StorageDevice.framework */;
			productType = "com.apple.product-type.framework";
		};
		771AE975274CFF4300F8F432 /* StorageDeviceTests */ = {
			isa = PBXNativeTarget;
			buildConfigurationList = 771AE989274CFF4300F8F432 /* Build configuration list for PBXNativeTarget "StorageDeviceTests" */;
			buildPhases = (
				C44536D77925BF2672AAE558 /* [CP] Check Pods Manifest.lock */,
				771AE972274CFF4300F8F432 /* Sources */,
				771AE973274CFF4300F8F432 /* Frameworks */,
				771AE974274CFF4300F8F432 /* Resources */,
			);
			buildRules = (
			);
			dependencies = (
				771AE979274CFF4300F8F432 /* PBXTargetDependency */,
				771AE97B274CFF4300F8F432 /* PBXTargetDependency */,
			);
			name = StorageDeviceTests;
			productName = StorageDeviceTests;
			productReference = 771AE976274CFF4300F8F432 /* StorageDeviceTests.xctest */;
			productType = "com.apple.product-type.bundle.unit-test";
		};
/* End PBXNativeTarget section */

/* Begin PBXProject section */
		770CAC5E26B6DC610070BB62 /* Project object */ = {
			isa = PBXProject;
			attributes = {
				LastSwiftUpdateCheck = 1250;
				LastUpgradeCheck = 1250;
				TargetAttributes = {
					770CAC6526B6DC610070BB62 = {
						CreatedOnToolsVersion = 12.5.1;
					};
					771AE96D274CFF4300F8F432 = {
						CreatedOnToolsVersion = 12.5.1;
					};
					771AE975274CFF4300F8F432 = {
						CreatedOnToolsVersion = 12.5.1;
						TestTargetID = 770CAC6526B6DC610070BB62;
					};
				};
			};
			buildConfigurationList = 770CAC6126B6DC610070BB62 /* Build configuration list for PBXProject "Navigation" */;
			compatibilityVersion = "Xcode 9.3";
			developmentRegion = en;
			hasScannedForEncodings = 0;
			knownRegions = (
				en,
				Base,
			);
			mainGroup = 770CAC5D26B6DC610070BB62;
			packageReferences = (
				771AE99227526B8A00F8F432 /* XCRemoteSwiftPackageReference "iOSIntPackage" */,
			);
			productRefGroup = 770CAC6726B6DC610070BB62 /* Products */;
			projectDirPath = "";
			projectRoot = "";
			targets = (
				770CAC6526B6DC610070BB62 /* Navigation */,
				771AE96D274CFF4300F8F432 /* StorageDevice */,
				771AE975274CFF4300F8F432 /* StorageDeviceTests */,
			);
		};
/* End PBXProject section */

/* Begin PBXResourcesBuildPhase section */
		770CAC6426B6DC610070BB62 /* Resources */ = {
			isa = PBXResourcesBuildPhase;
			buildActionMask = 2147483647;
			files = (
				770CAC7626B6DC620070BB62 /* LaunchScreen.storyboard in Resources */,
				770CAC7326B6DC620070BB62 /* Assets.xcassets in Resources */,
			);
			runOnlyForDeploymentPostprocessing = 0;
		};
		771AE96C274CFF4300F8F432 /* Resources */ = {
			isa = PBXResourcesBuildPhase;
			buildActionMask = 2147483647;
			files = (
			);
			runOnlyForDeploymentPostprocessing = 0;
		};
		771AE974274CFF4300F8F432 /* Resources */ = {
			isa = PBXResourcesBuildPhase;
			buildActionMask = 2147483647;
			files = (
			);
			runOnlyForDeploymentPostprocessing = 0;
		};
/* End PBXResourcesBuildPhase section */

/* Begin PBXShellScriptBuildPhase section */
		5EEC7A216AED7B46275732B8 /* [CP] Check Pods Manifest.lock */ = {
			isa = PBXShellScriptBuildPhase;
			buildActionMask = 2147483647;
			files = (
			);
			inputFileListPaths = (
			);
			inputPaths = (
				"${PODS_PODFILE_DIR_PATH}/Podfile.lock",
				"${PODS_ROOT}/Manifest.lock",
			);
			name = "[CP] Check Pods Manifest.lock";
			outputFileListPaths = (
			);
			outputPaths = (
				"$(DERIVED_FILE_DIR)/Pods-StorageDevice-checkManifestLockResult.txt",
			);
			runOnlyForDeploymentPostprocessing = 0;
			shellPath = /bin/sh;
			shellScript = "diff \"${PODS_PODFILE_DIR_PATH}/Podfile.lock\" \"${PODS_ROOT}/Manifest.lock\" > /dev/null\nif [ $? != 0 ] ; then\n    # print error to STDERR\n    echo \"error: The sandbox is not in sync with the Podfile.lock. Run 'pod install' or update your CocoaPods installation.\" >&2\n    exit 1\nfi\n# This output is used by Xcode 'outputs' to avoid re-running this script phase.\necho \"SUCCESS\" > \"${SCRIPT_OUTPUT_FILE_0}\"\n";
			showEnvVarsInLog = 0;
		};
		614B9AF7EA61DB1B355F4B13 /* [CP] Check Pods Manifest.lock */ = {
			isa = PBXShellScriptBuildPhase;
			buildActionMask = 2147483647;
			files = (
			);
			inputFileListPaths = (
			);
			inputPaths = (
				"${PODS_PODFILE_DIR_PATH}/Podfile.lock",
				"${PODS_ROOT}/Manifest.lock",
			);
			name = "[CP] Check Pods Manifest.lock";
			outputFileListPaths = (
			);
			outputPaths = (
				"$(DERIVED_FILE_DIR)/Pods-Navigation-checkManifestLockResult.txt",
			);
			runOnlyForDeploymentPostprocessing = 0;
			shellPath = /bin/sh;
			shellScript = "diff \"${PODS_PODFILE_DIR_PATH}/Podfile.lock\" \"${PODS_ROOT}/Manifest.lock\" > /dev/null\nif [ $? != 0 ] ; then\n    # print error to STDERR\n    echo \"error: The sandbox is not in sync with the Podfile.lock. Run 'pod install' or update your CocoaPods installation.\" >&2\n    exit 1\nfi\n# This output is used by Xcode 'outputs' to avoid re-running this script phase.\necho \"SUCCESS\" > \"${SCRIPT_OUTPUT_FILE_0}\"\n";
			showEnvVarsInLog = 0;
		};
		986D54E4F4506F56FA57991C /* [CP] Embed Pods Frameworks */ = {
			isa = PBXShellScriptBuildPhase;
			buildActionMask = 2147483647;
			files = (
			);
			inputFileListPaths = (
				"${PODS_ROOT}/Target Support Files/Pods-Navigation/Pods-Navigation-frameworks-${CONFIGURATION}-input-files.xcfilelist",
			);
			name = "[CP] Embed Pods Frameworks";
			outputFileListPaths = (
				"${PODS_ROOT}/Target Support Files/Pods-Navigation/Pods-Navigation-frameworks-${CONFIGURATION}-output-files.xcfilelist",
			);
			runOnlyForDeploymentPostprocessing = 0;
			shellPath = /bin/sh;
			shellScript = "\"${PODS_ROOT}/Target Support Files/Pods-Navigation/Pods-Navigation-frameworks.sh\"\n";
			showEnvVarsInLog = 0;
		};
		C44536D77925BF2672AAE558 /* [CP] Check Pods Manifest.lock */ = {
			isa = PBXShellScriptBuildPhase;
			buildActionMask = 2147483647;
			files = (
			);
			inputFileListPaths = (
			);
			inputPaths = (
				"${PODS_PODFILE_DIR_PATH}/Podfile.lock",
				"${PODS_ROOT}/Manifest.lock",
			);
			name = "[CP] Check Pods Manifest.lock";
			outputFileListPaths = (
			);
			outputPaths = (
				"$(DERIVED_FILE_DIR)/Pods-StorageDevice-StorageDeviceTests-checkManifestLockResult.txt",
			);
			runOnlyForDeploymentPostprocessing = 0;
			shellPath = /bin/sh;
			shellScript = "diff \"${PODS_PODFILE_DIR_PATH}/Podfile.lock\" \"${PODS_ROOT}/Manifest.lock\" > /dev/null\nif [ $? != 0 ] ; then\n    # print error to STDERR\n    echo \"error: The sandbox is not in sync with the Podfile.lock. Run 'pod install' or update your CocoaPods installation.\" >&2\n    exit 1\nfi\n# This output is used by Xcode 'outputs' to avoid re-running this script phase.\necho \"SUCCESS\" > \"${SCRIPT_OUTPUT_FILE_0}\"\n";
			showEnvVarsInLog = 0;
		};
/* End PBXShellScriptBuildPhase section */

/* Begin PBXSourcesBuildPhase section */
		770CAC6226B6DC610070BB62 /* Sources */ = {
			isa = PBXSourcesBuildPhase;
			buildActionMask = 2147483647;
			files = (
				77DD121226F90297009DFCAE /* PhotosTableViewCell.swift in Sources */,
				77DD121426FB9575009DFCAE /* PhotosViewController.swift in Sources */,
				774069582770CC1E00892E49 /* UserData.swift in Sources */,
				770CACA626B866100070BB62 /* PostViewController.swift in Sources */,
				770CAC6A26B6DC610070BB62 /* AppDelegate.swift in Sources */,
				770CAC8026B6E9F60070BB62 /* ProfileViewController.swift in Sources */,
				771C784026D7E3D7007FA02C /* ProfileHeaderView.swift in Sources */,
				770CAC7E26B6E9E60070BB62 /* FeedViewController.swift in Sources */,
				771AE966274CED0100F8F432 /* CustomTextField.swift in Sources */,
				7795D5F927A30A8800B1A758 /* LoginInspector.swift in Sources */,
				77B0301526F111E300950011 /* PostTableViewCell.swift in Sources */,
				770CACAA26B9A87A0070BB62 /* InfoViewController.swift in Sources */,
				771B750826E7ABE400B6F44F /* LogInView.swift in Sources */,
				77DD121626FBAA42009DFCAE /* PhotosCollectionViewCell.swift in Sources */,
				7795D5FC27A5BBDD00B1A758 /* Factory.swift in Sources */,
				771B750626E692B100B6F44F /* LogInViewController.swift in Sources */,
				770CAC6C26B6DC610070BB62 /* SceneDelegate.swift in Sources */,
				771AE968274CEDA900F8F432 /* PhotoPreviewCollectionViewCell.swift in Sources */,
			);
			runOnlyForDeploymentPostprocessing = 0;
		};
		771AE96A274CFF4300F8F432 /* Sources */ = {
			isa = PBXSourcesBuildPhase;
			buildActionMask = 2147483647;
			files = (
				771AE990274CFF5700F8F432 /* Photo.swift in Sources */,
				771AE98C274CFF4800F8F432 /* Post.swift in Sources */,
				771AE98E274CFF5100F8F432 /* Posts.swift in Sources */,
			);
			runOnlyForDeploymentPostprocessing = 0;
		};
		771AE972274CFF4300F8F432 /* Sources */ = {
			isa = PBXSourcesBuildPhase;
			buildActionMask = 2147483647;
			files = (
				771AE991274CFF5700F8F432 /* Photo.swift in Sources */,
				771AE97E274CFF4300F8F432 /* StorageDeviceTests.swift in Sources */,
				771AE98F274CFF5100F8F432 /* Posts.swift in Sources */,
				771AE98D274CFF4900F8F432 /* Post.swift in Sources */,
			);
			runOnlyForDeploymentPostprocessing = 0;
		};
/* End PBXSourcesBuildPhase section */

/* Begin PBXTargetDependency section */
		771AE979274CFF4300F8F432 /* PBXTargetDependency */ = {
			isa = PBXTargetDependency;
			target = 771AE96D274CFF4300F8F432 /* StorageDevice */;
			targetProxy = 771AE978274CFF4300F8F432 /* PBXContainerItemProxy */;
		};
		771AE97B274CFF4300F8F432 /* PBXTargetDependency */ = {
			isa = PBXTargetDependency;
			target = 770CAC6526B6DC610070BB62 /* Navigation */;
			targetProxy = 771AE97A274CFF4300F8F432 /* PBXContainerItemProxy */;
		};
		771AE982274CFF4300F8F432 /* PBXTargetDependency */ = {
			isa = PBXTargetDependency;
			target = 771AE96D274CFF4300F8F432 /* StorageDevice */;
			targetProxy = 771AE981274CFF4300F8F432 /* PBXContainerItemProxy */;
		};
/* End PBXTargetDependency section */

/* Begin PBXVariantGroup section */
		770CAC7426B6DC620070BB62 /* LaunchScreen.storyboard */ = {
			isa = PBXVariantGroup;
			children = (
				770CAC7526B6DC620070BB62 /* Base */,
			);
			name = LaunchScreen.storyboard;
			sourceTree = "<group>";
		};
/* End PBXVariantGroup section */

/* Begin XCBuildConfiguration section */
		770CAC7826B6DC620070BB62 /* Debug */ = {
			isa = XCBuildConfiguration;
			buildSettings = {
				ALWAYS_SEARCH_USER_PATHS = NO;
				CLANG_ANALYZER_NONNULL = YES;
				CLANG_ANALYZER_NUMBER_OBJECT_CONVERSION = YES_AGGRESSIVE;
				CLANG_CXX_LANGUAGE_STANDARD = "gnu++14";
				CLANG_CXX_LIBRARY = "libc++";
				CLANG_ENABLE_MODULES = YES;
				CLANG_ENABLE_OBJC_ARC = YES;
				CLANG_ENABLE_OBJC_WEAK = YES;
				CLANG_WARN_BLOCK_CAPTURE_AUTORELEASING = YES;
				CLANG_WARN_BOOL_CONVERSION = YES;
				CLANG_WARN_COMMA = YES;
				CLANG_WARN_CONSTANT_CONVERSION = YES;
				CLANG_WARN_DEPRECATED_OBJC_IMPLEMENTATIONS = YES;
				CLANG_WARN_DIRECT_OBJC_ISA_USAGE = YES_ERROR;
				CLANG_WARN_DOCUMENTATION_COMMENTS = YES;
				CLANG_WARN_EMPTY_BODY = YES;
				CLANG_WARN_ENUM_CONVERSION = YES;
				CLANG_WARN_INFINITE_RECURSION = YES;
				CLANG_WARN_INT_CONVERSION = YES;
				CLANG_WARN_NON_LITERAL_NULL_CONVERSION = YES;
				CLANG_WARN_OBJC_IMPLICIT_RETAIN_SELF = YES;
				CLANG_WARN_OBJC_LITERAL_CONVERSION = YES;
				CLANG_WARN_OBJC_ROOT_CLASS = YES_ERROR;
				CLANG_WARN_QUOTED_INCLUDE_IN_FRAMEWORK_HEADER = YES;
				CLANG_WARN_RANGE_LOOP_ANALYSIS = YES;
				CLANG_WARN_STRICT_PROTOTYPES = YES;
				CLANG_WARN_SUSPICIOUS_MOVE = YES;
				CLANG_WARN_UNGUARDED_AVAILABILITY = YES_AGGRESSIVE;
				CLANG_WARN_UNREACHABLE_CODE = YES;
				CLANG_WARN__DUPLICATE_METHOD_MATCH = YES;
				COPY_PHASE_STRIP = NO;
				DEBUG_INFORMATION_FORMAT = dwarf;
				ENABLE_STRICT_OBJC_MSGSEND = YES;
				ENABLE_TESTABILITY = YES;
				GCC_C_LANGUAGE_STANDARD = gnu11;
				GCC_DYNAMIC_NO_PIC = NO;
				GCC_NO_COMMON_BLOCKS = YES;
				GCC_OPTIMIZATION_LEVEL = 0;
				GCC_PREPROCESSOR_DEFINITIONS = (
					"DEBUG=1",
					"$(inherited)",
				);
				GCC_WARN_64_TO_32_BIT_CONVERSION = YES;
				GCC_WARN_ABOUT_RETURN_TYPE = YES_ERROR;
				GCC_WARN_UNDECLARED_SELECTOR = YES;
				GCC_WARN_UNINITIALIZED_AUTOS = YES_AGGRESSIVE;
				GCC_WARN_UNUSED_FUNCTION = YES;
				GCC_WARN_UNUSED_VARIABLE = YES;
				IPHONEOS_DEPLOYMENT_TARGET = 14.5;
				MTL_ENABLE_DEBUG_INFO = INCLUDE_SOURCE;
				MTL_FAST_MATH = YES;
				ONLY_ACTIVE_ARCH = YES;
				SDKROOT = iphoneos;
				SWIFT_ACTIVE_COMPILATION_CONDITIONS = DEBUG;
				SWIFT_OPTIMIZATION_LEVEL = "-Onone";
			};
			name = Debug;
		};
		770CAC7926B6DC620070BB62 /* Release */ = {
			isa = XCBuildConfiguration;
			buildSettings = {
				ALWAYS_SEARCH_USER_PATHS = NO;
				CLANG_ANALYZER_NONNULL = YES;
				CLANG_ANALYZER_NUMBER_OBJECT_CONVERSION = YES_AGGRESSIVE;
				CLANG_CXX_LANGUAGE_STANDARD = "gnu++14";
				CLANG_CXX_LIBRARY = "libc++";
				CLANG_ENABLE_MODULES = YES;
				CLANG_ENABLE_OBJC_ARC = YES;
				CLANG_ENABLE_OBJC_WEAK = YES;
				CLANG_WARN_BLOCK_CAPTURE_AUTORELEASING = YES;
				CLANG_WARN_BOOL_CONVERSION = YES;
				CLANG_WARN_COMMA = YES;
				CLANG_WARN_CONSTANT_CONVERSION = YES;
				CLANG_WARN_DEPRECATED_OBJC_IMPLEMENTATIONS = YES;
				CLANG_WARN_DIRECT_OBJC_ISA_USAGE = YES_ERROR;
				CLANG_WARN_DOCUMENTATION_COMMENTS = YES;
				CLANG_WARN_EMPTY_BODY = YES;
				CLANG_WARN_ENUM_CONVERSION = YES;
				CLANG_WARN_INFINITE_RECURSION = YES;
				CLANG_WARN_INT_CONVERSION = YES;
				CLANG_WARN_NON_LITERAL_NULL_CONVERSION = YES;
				CLANG_WARN_OBJC_IMPLICIT_RETAIN_SELF = YES;
				CLANG_WARN_OBJC_LITERAL_CONVERSION = YES;
				CLANG_WARN_OBJC_ROOT_CLASS = YES_ERROR;
				CLANG_WARN_QUOTED_INCLUDE_IN_FRAMEWORK_HEADER = YES;
				CLANG_WARN_RANGE_LOOP_ANALYSIS = YES;
				CLANG_WARN_STRICT_PROTOTYPES = YES;
				CLANG_WARN_SUSPICIOUS_MOVE = YES;
				CLANG_WARN_UNGUARDED_AVAILABILITY = YES_AGGRESSIVE;
				CLANG_WARN_UNREACHABLE_CODE = YES;
				CLANG_WARN__DUPLICATE_METHOD_MATCH = YES;
				COPY_PHASE_STRIP = NO;
				DEBUG_INFORMATION_FORMAT = "dwarf-with-dsym";
				ENABLE_NS_ASSERTIONS = NO;
				ENABLE_STRICT_OBJC_MSGSEND = YES;
				GCC_C_LANGUAGE_STANDARD = gnu11;
				GCC_NO_COMMON_BLOCKS = YES;
				GCC_WARN_64_TO_32_BIT_CONVERSION = YES;
				GCC_WARN_ABOUT_RETURN_TYPE = YES_ERROR;
				GCC_WARN_UNDECLARED_SELECTOR = YES;
				GCC_WARN_UNINITIALIZED_AUTOS = YES_AGGRESSIVE;
				GCC_WARN_UNUSED_FUNCTION = YES;
				GCC_WARN_UNUSED_VARIABLE = YES;
				IPHONEOS_DEPLOYMENT_TARGET = 14.5;
				MTL_ENABLE_DEBUG_INFO = NO;
				MTL_FAST_MATH = YES;
				SDKROOT = iphoneos;
				SWIFT_COMPILATION_MODE = wholemodule;
				SWIFT_OPTIMIZATION_LEVEL = "-O";
				VALIDATE_PRODUCT = YES;
			};
			name = Release;
		};
		770CAC7B26B6DC620070BB62 /* Debug */ = {
			isa = XCBuildConfiguration;
			baseConfigurationReference = 59058BA8AC539420EF7D4098 /* Pods-Navigation.debug.xcconfig */;
			buildSettings = {
				ALWAYS_EMBED_SWIFT_STANDARD_LIBRARIES = YES;
				ASSETCATALOG_COMPILER_APPICON_NAME = AppIcon;
				ASSETCATALOG_COMPILER_GLOBAL_ACCENT_COLOR_NAME = AccentColor;
				CODE_SIGN_STYLE = Automatic;
				INFOPLIST_FILE = Navigation/Info.plist;
				LD_RUNPATH_SEARCH_PATHS = (
					"$(inherited)",
					"@executable_path/Frameworks",
				);
				PRODUCT_BUNDLE_IDENTIFIER = com.stepanov.Navigation;
				PRODUCT_NAME = "$(TARGET_NAME)";
				SWIFT_VERSION = 5.0;
				TARGETED_DEVICE_FAMILY = "1,2";
			};
			name = Debug;
		};
		770CAC7C26B6DC620070BB62 /* Release */ = {
			isa = XCBuildConfiguration;
			baseConfigurationReference = 86BD0F4CC4EE3417203EC9F6 /* Pods-Navigation.release.xcconfig */;
			buildSettings = {
				ALWAYS_EMBED_SWIFT_STANDARD_LIBRARIES = YES;
				ASSETCATALOG_COMPILER_APPICON_NAME = AppIcon;
				ASSETCATALOG_COMPILER_GLOBAL_ACCENT_COLOR_NAME = AccentColor;
				CODE_SIGN_STYLE = Automatic;
				INFOPLIST_FILE = Navigation/Info.plist;
				LD_RUNPATH_SEARCH_PATHS = (
					"$(inherited)",
					"@executable_path/Frameworks",
				);
				PRODUCT_BUNDLE_IDENTIFIER = com.stepanov.Navigation;
				PRODUCT_NAME = "$(TARGET_NAME)";
				SWIFT_VERSION = 5.0;
				TARGETED_DEVICE_FAMILY = "1,2";
			};
			name = Release;
		};
		771AE986274CFF4300F8F432 /* Debug */ = {
			isa = XCBuildConfiguration;
			baseConfigurationReference = 24186FE7D5AF7CB05C282E39 /* Pods-StorageDevice.debug.xcconfig */;
			buildSettings = {
				CODE_SIGN_STYLE = Automatic;
				CURRENT_PROJECT_VERSION = 1;
				DEFINES_MODULE = YES;
				DYLIB_COMPATIBILITY_VERSION = 1;
				DYLIB_CURRENT_VERSION = 1;
				DYLIB_INSTALL_NAME_BASE = "@rpath";
				INFOPLIST_FILE = StorageDevice/Info.plist;
				INSTALL_PATH = "$(LOCAL_LIBRARY_DIR)/Frameworks";
				LD_RUNPATH_SEARCH_PATHS = (
					"$(inherited)",
					"@executable_path/Frameworks",
					"@loader_path/Frameworks",
				);
				PRODUCT_BUNDLE_IDENTIFIER = com.stepanov.StorageDevice;
				PRODUCT_NAME = "$(TARGET_NAME:c99extidentifier)";
				SKIP_INSTALL = YES;
				SWIFT_VERSION = 5.0;
				TARGETED_DEVICE_FAMILY = "1,2";
				VERSIONING_SYSTEM = "apple-generic";
				VERSION_INFO_PREFIX = "";
			};
			name = Debug;
		};
		771AE987274CFF4300F8F432 /* Release */ = {
			isa = XCBuildConfiguration;
			baseConfigurationReference = 43A77D084E80FE2725290DAE /* Pods-StorageDevice.release.xcconfig */;
			buildSettings = {
				CODE_SIGN_STYLE = Automatic;
				CURRENT_PROJECT_VERSION = 1;
				DEFINES_MODULE = YES;
				DYLIB_COMPATIBILITY_VERSION = 1;
				DYLIB_CURRENT_VERSION = 1;
				DYLIB_INSTALL_NAME_BASE = "@rpath";
				INFOPLIST_FILE = StorageDevice/Info.plist;
				INSTALL_PATH = "$(LOCAL_LIBRARY_DIR)/Frameworks";
				LD_RUNPATH_SEARCH_PATHS = (
					"$(inherited)",
					"@executable_path/Frameworks",
					"@loader_path/Frameworks",
				);
				PRODUCT_BUNDLE_IDENTIFIER = com.stepanov.StorageDevice;
				PRODUCT_NAME = "$(TARGET_NAME:c99extidentifier)";
				SKIP_INSTALL = YES;
				SWIFT_VERSION = 5.0;
				TARGETED_DEVICE_FAMILY = "1,2";
				VERSIONING_SYSTEM = "apple-generic";
				VERSION_INFO_PREFIX = "";
			};
			name = Release;
		};
		771AE98A274CFF4300F8F432 /* Debug */ = {
			isa = XCBuildConfiguration;
			baseConfigurationReference = A87D827C6F0C44A84EE3D410 /* Pods-StorageDevice-StorageDeviceTests.debug.xcconfig */;
			buildSettings = {
				ALWAYS_EMBED_SWIFT_STANDARD_LIBRARIES = YES;
				CODE_SIGN_STYLE = Automatic;
				INFOPLIST_FILE = StorageDeviceTests/Info.plist;
				LD_RUNPATH_SEARCH_PATHS = (
					"$(inherited)",
					"@executable_path/Frameworks",
					"@loader_path/Frameworks",
				);
				PRODUCT_BUNDLE_IDENTIFIER = com.stepanov.StorageDeviceTests;
				PRODUCT_NAME = "$(TARGET_NAME)";
				SWIFT_VERSION = 5.0;
				TARGETED_DEVICE_FAMILY = "1,2";
				TEST_HOST = "$(BUILT_PRODUCTS_DIR)/Navigation.app/Navigation";
			};
			name = Debug;
		};
		771AE98B274CFF4300F8F432 /* Release */ = {
			isa = XCBuildConfiguration;
			baseConfigurationReference = 36B6AEDC7F1D18E249D9DC70 /* Pods-StorageDevice-StorageDeviceTests.release.xcconfig */;
			buildSettings = {
				ALWAYS_EMBED_SWIFT_STANDARD_LIBRARIES = YES;
				CODE_SIGN_STYLE = Automatic;
				INFOPLIST_FILE = StorageDeviceTests/Info.plist;
				LD_RUNPATH_SEARCH_PATHS = (
					"$(inherited)",
					"@executable_path/Frameworks",
					"@loader_path/Frameworks",
				);
				PRODUCT_BUNDLE_IDENTIFIER = com.stepanov.StorageDeviceTests;
				PRODUCT_NAME = "$(TARGET_NAME)";
				SWIFT_VERSION = 5.0;
				TARGETED_DEVICE_FAMILY = "1,2";
				TEST_HOST = "$(BUILT_PRODUCTS_DIR)/Navigation.app/Navigation";
			};
			name = Release;
		};
/* End XCBuildConfiguration section */

/* Begin XCConfigurationList section */
		770CAC6126B6DC610070BB62 /* Build configuration list for PBXProject "Navigation" */ = {
			isa = XCConfigurationList;
			buildConfigurations = (
				770CAC7826B6DC620070BB62 /* Debug */,
				770CAC7926B6DC620070BB62 /* Release */,
			);
			defaultConfigurationIsVisible = 0;
			defaultConfigurationName = Release;
		};
		770CAC7A26B6DC620070BB62 /* Build configuration list for PBXNativeTarget "Navigation" */ = {
			isa = XCConfigurationList;
			buildConfigurations = (
				770CAC7B26B6DC620070BB62 /* Debug */,
				770CAC7C26B6DC620070BB62 /* Release */,
			);
			defaultConfigurationIsVisible = 0;
			defaultConfigurationName = Release;
		};
		771AE985274CFF4300F8F432 /* Build configuration list for PBXNativeTarget "StorageDevice" */ = {
			isa = XCConfigurationList;
			buildConfigurations = (
				771AE986274CFF4300F8F432 /* Debug */,
				771AE987274CFF4300F8F432 /* Release */,
			);
			defaultConfigurationIsVisible = 0;
			defaultConfigurationName = Release;
		};
		771AE989274CFF4300F8F432 /* Build configuration list for PBXNativeTarget "StorageDeviceTests" */ = {
			isa = XCConfigurationList;
			buildConfigurations = (
				771AE98A274CFF4300F8F432 /* Debug */,
				771AE98B274CFF4300F8F432 /* Release */,
			);
			defaultConfigurationIsVisible = 0;
			defaultConfigurationName = Release;
		};
/* End XCConfigurationList section */

/* Begin XCRemoteSwiftPackageReference section */
		771AE99227526B8A00F8F432 /* XCRemoteSwiftPackageReference "iOSIntPackage" */ = {
			isa = XCRemoteSwiftPackageReference;
			repositoryURL = "https://github.com/TrueMax/iOSIntPackage";
			requirement = {
				kind = upToNextMajorVersion;
				minimumVersion = 3.2.3;
			};
		};
/* End XCRemoteSwiftPackageReference section */

/* Begin XCSwiftPackageProductDependency section */
		771AE99327526B8A00F8F432 /* iOSIntPackage */ = {
			isa = XCSwiftPackageProductDependency;
			package = 771AE99227526B8A00F8F432 /* XCRemoteSwiftPackageReference "iOSIntPackage" */;
			productName = iOSIntPackage;
		};
/* End XCSwiftPackageProductDependency section */
	};
	rootObject = 770CAC5E26B6DC610070BB62 /* Project object */;
}
